// !$*UTF8*$!
{
	archiveVersion = 1;
	classes = {
	};
	objectVersion = 55;
	objects = {

/* Begin PBXBuildFile section */
		9440110228B6C03B00968533 /* AppDelegate.swift in Sources */ = {isa = PBXBuildFile; fileRef = 9440110128B6C03B00968533 /* AppDelegate.swift */; };
		9440110428B6C03B00968533 /* SceneDelegate.swift in Sources */ = {isa = PBXBuildFile; fileRef = 9440110328B6C03B00968533 /* SceneDelegate.swift */; };
		9440110628B6C03B00968533 /* ViewController.swift in Sources */ = {isa = PBXBuildFile; fileRef = 9440110528B6C03B00968533 /* ViewController.swift */; };
		9440110928B6C03B00968533 /* Main.storyboard in Resources */ = {isa = PBXBuildFile; fileRef = 9440110728B6C03B00968533 /* Main.storyboard */; };
		9440110B28B6C03C00968533 /* Assets.xcassets in Resources */ = {isa = PBXBuildFile; fileRef = 9440110A28B6C03C00968533 /* Assets.xcassets */; };
		9440110E28B6C03C00968533 /* LaunchScreen.storyboard in Resources */ = {isa = PBXBuildFile; fileRef = 9440110C28B6C03C00968533 /* LaunchScreen.storyboard */; };
		9440111728B6C47100968533 /* Realm in Frameworks */ = {isa = PBXBuildFile; productRef = 9440111628B6C47100968533 /* Realm */; };
		9440111928B6C47100968533 /* RealmSwift in Frameworks */ = {isa = PBXBuildFile; productRef = 9440111828B6C47100968533 /* RealmSwift */; };
		9440111B28B80B7F00968533 /* TaskList.swift in Sources */ = {isa = PBXBuildFile; fileRef = 9440111A28B80B7F00968533 /* TaskList.swift */; };
/* End PBXBuildFile section */

/* Begin PBXFileReference section */
		944010FE28B6C03B00968533 /* Task List.app */ = {isa = PBXFileReference; explicitFileType = wrapper.application; includeInIndex = 0; path = "Task List.app"; sourceTree = BUILT_PRODUCTS_DIR; };
		9440110128B6C03B00968533 /* AppDelegate.swift */ = {isa = PBXFileReference; lastKnownFileType = sourcecode.swift; path = AppDelegate.swift; sourceTree = "<group>"; };
		9440110328B6C03B00968533 /* SceneDelegate.swift */ = {isa = PBXFileReference; lastKnownFileType = sourcecode.swift; path = SceneDelegate.swift; sourceTree = "<group>"; };
		9440110528B6C03B00968533 /* ViewController.swift */ = {isa = PBXFileReference; lastKnownFileType = sourcecode.swift; path = ViewController.swift; sourceTree = "<group>"; };
		9440110828B6C03B00968533 /* Base */ = {isa = PBXFileReference; lastKnownFileType = file.storyboard; name = Base; path = Base.lproj/Main.storyboard; sourceTree = "<group>"; };
		9440110A28B6C03C00968533 /* Assets.xcassets */ = {isa = PBXFileReference; lastKnownFileType = folder.assetcatalog; path = Assets.xcassets; sourceTree = "<group>"; };
		9440110D28B6C03C00968533 /* Base */ = {isa = PBXFileReference; lastKnownFileType = file.storyboard; name = Base; path = Base.lproj/LaunchScreen.storyboard; sourceTree = "<group>"; };
		9440110F28B6C03C00968533 /* Info.plist */ = {isa = PBXFileReference; lastKnownFileType = text.plist.xml; path = Info.plist; sourceTree = "<group>"; };
		9440111A28B80B7F00968533 /* TaskList.swift */ = {isa = PBXFileReference; lastKnownFileType = sourcecode.swift; path = TaskList.swift; sourceTree = "<group>"; };
/* End PBXFileReference section */

/* Begin PBXFrameworksBuildPhase section */
		944010FB28B6C03B00968533 /* Frameworks */ = {
			isa = PBXFrameworksBuildPhase;
			buildActionMask = 2147483647;
			files = (
				9440111928B6C47100968533 /* RealmSwift in Frameworks */,
				9440111728B6C47100968533 /* Realm in Frameworks */,
			);
			runOnlyForDeploymentPostprocessing = 0;
		};
/* End PBXFrameworksBuildPhase section */

/* Begin PBXGroup section */
		944010F528B6C03A00968533 = {
			isa = PBXGroup;
			children = (
				9440110028B6C03B00968533 /* Task List */,
				944010FF28B6C03B00968533 /* Products */,
			);
			sourceTree = "<group>";
		};
		944010FF28B6C03B00968533 /* Products */ = {
			isa = PBXGroup;
			children = (
				944010FE28B6C03B00968533 /* Task List.app */,
			);
			name = Products;
			sourceTree = "<group>";
		};
		9440110028B6C03B00968533 /* Task List */ = {
			isa = PBXGroup;
			children = (
				9440110128B6C03B00968533 /* AppDelegate.swift */,
				9440110328B6C03B00968533 /* SceneDelegate.swift */,
				9440110528B6C03B00968533 /* ViewController.swift */,
				9440110A28B6C03C00968533 /* Assets.xcassets */,
				9440110728B6C03B00968533 /* Main.storyboard */,
				9440111C28B80C2F00968533 /* Models */,
				9440110C28B6C03C00968533 /* LaunchScreen.storyboard */,
				9440110F28B6C03C00968533 /* Info.plist */,
			);
			path = "Task List";
			sourceTree = "<group>";
		};
		9440111C28B80C2F00968533 /* Models */ = {
			isa = PBXGroup;
			children = (
				9440111A28B80B7F00968533 /* TaskList.swift */,
			);
			path = Models;
			sourceTree = "<group>";
		};
/* End PBXGroup section */

/* Begin PBXNativeTarget section */
		944010FD28B6C03B00968533 /* Task List */ = {
			isa = PBXNativeTarget;
			buildConfigurationList = 9440111228B6C03C00968533 /* Build configuration list for PBXNativeTarget "Task List" */;
			buildPhases = (
				944010FA28B6C03B00968533 /* Sources */,
				944010FB28B6C03B00968533 /* Frameworks */,
				944010FC28B6C03B00968533 /* Resources */,
			);
			buildRules = (
			);
			dependencies = (
			);
			name = "Task List";
			packageProductDependencies = (
				9440111628B6C47100968533 /* Realm */,
				9440111828B6C47100968533 /* RealmSwift */,
			);
			productName = "Task List";
			productReference = 944010FE28B6C03B00968533 /* Task List.app */;
			productType = "com.apple.product-type.application";
		};
/* End PBXNativeTarget section */

/* Begin PBXProject section */
		944010F628B6C03A00968533 /* Project object */ = {
			isa = PBXProject;
			attributes = {
				BuildIndependentTargetsInParallel = 1;
				LastSwiftUpdateCheck = 1330;
				LastUpgradeCheck = 1330;
				TargetAttributes = {
					944010FD28B6C03B00968533 = {
						CreatedOnToolsVersion = 13.3.1;
					};
				};
			};
			buildConfigurationList = 944010F928B6C03A00968533 /* Build configuration list for PBXProject "Task List" */;
			compatibilityVersion = "Xcode 13.0";
			developmentRegion = en;
			hasScannedForEncodings = 0;
			knownRegions = (
				en,
				Base,
			);
			mainGroup = 944010F528B6C03A00968533;
			packageReferences = (
				9440111528B6C47100968533 /* XCRemoteSwiftPackageReference "realm-swift" */,
			);
			productRefGroup = 944010FF28B6C03B00968533 /* Products */;
			projectDirPath = "";
			projectRoot = "";
			targets = (
				944010FD28B6C03B00968533 /* Task List */,
			);
		};
/* End PBXProject section */

/* Begin PBXResourcesBuildPhase section */
		944010FC28B6C03B00968533 /* Resources */ = {
			isa = PBXResourcesBuildPhase;
			buildActionMask = 2147483647;
			files = (
				9440110E28B6C03C00968533 /* LaunchScreen.storyboard in Resources */,
				9440110B28B6C03C00968533 /* Assets.xcassets in Resources */,
				9440110928B6C03B00968533 /* Main.storyboard in Resources */,
			);
			runOnlyForDeploymentPostprocessing = 0;
		};
/* End PBXResourcesBuildPhase section */

/* Begin PBXSourcesBuildPhase section */
		944010FA28B6C03B00968533 /* Sources */ = {
			isa = PBXSourcesBuildPhase;
			buildActionMask = 2147483647;
			files = (
				9440111B28B80B7F00968533 /* TaskList.swift in Sources */,
				9440110628B6C03B00968533 /* ViewController.swift in Sources */,
				9440110228B6C03B00968533 /* AppDelegate.swift in Sources */,
				9440110428B6C03B00968533 /* SceneDelegate.swift in Sources */,
			);
			runOnlyForDeploymentPostprocessing = 0;
		};
/* End PBXSourcesBuildPhase section */

/* Begin PBXVariantGroup section */
		9440110728B6C03B00968533 /* Main.storyboard */ = {
			isa = PBXVariantGroup;
			children = (
				9440110828B6C03B00968533 /* Base */,
			);
			name = Main.storyboard;
			sourceTree = "<group>";
		};
		9440110C28B6C03C00968533 /* LaunchScreen.storyboard */ = {
			isa = PBXVariantGroup;
			children = (
				9440110D28B6C03C00968533 /* Base */,
			);
			name = LaunchScreen.storyboard;
			sourceTree = "<group>";
		};
/* End PBXVariantGroup section */

/* Begin XCBuildConfiguration section */
		9440111028B6C03C00968533 /* Debug */ = {
			isa = XCBuildConfiguration;
			buildSettings = {
				ALWAYS_SEARCH_USER_PATHS = NO;
				CLANG_ANALYZER_NONNULL = YES;
				CLANG_ANALYZER_NUMBER_OBJECT_CONVERSION = YES_AGGRESSIVE;
				CLANG_CXX_LANGUAGE_STANDARD = "gnu++17";
				CLANG_ENABLE_MODULES = YES;
				CLANG_ENABLE_OBJC_ARC = YES;
				CLANG_ENABLE_OBJC_WEAK = YES;
				CLANG_WARN_BLOCK_CAPTURE_AUTORELEASING = YES;
				CLANG_WARN_BOOL_CONVERSION = YES;
				CLANG_WARN_COMMA = YES;
				CLANG_WARN_CONSTANT_CONVERSION = YES;
				CLANG_WARN_DEPRECATED_OBJC_IMPLEMENTATIONS = YES;
				CLANG_WARN_DIRECT_OBJC_ISA_USAGE = YES_ERROR;
				CLANG_WARN_DOCUMENTATION_COMMENTS = YES;
				CLANG_WARN_EMPTY_BODY = YES;
				CLANG_WARN_ENUM_CONVERSION = YES;
				CLANG_WARN_INFINITE_RECURSION = YES;
				CLANG_WARN_INT_CONVERSION = YES;
				CLANG_WARN_NON_LITERAL_NULL_CONVERSION = YES;
				CLANG_WARN_OBJC_IMPLICIT_RETAIN_SELF = YES;
				CLANG_WARN_OBJC_LITERAL_CONVERSION = YES;
				CLANG_WARN_OBJC_ROOT_CLASS = YES_ERROR;
				CLANG_WARN_QUOTED_INCLUDE_IN_FRAMEWORK_HEADER = YES;
				CLANG_WARN_RANGE_LOOP_ANALYSIS = YES;
				CLANG_WARN_STRICT_PROTOTYPES = YES;
				CLANG_WARN_SUSPICIOUS_MOVE = YES;
				CLANG_WARN_UNGUARDED_AVAILABILITY = YES_AGGRESSIVE;
				CLANG_WARN_UNREACHABLE_CODE = YES;
				CLANG_WARN__DUPLICATE_METHOD_MATCH = YES;
				COPY_PHASE_STRIP = NO;
				DEBUG_INFORMATION_FORMAT = dwarf;
				ENABLE_STRICT_OBJC_MSGSEND = YES;
				ENABLE_TESTABILITY = YES;
				GCC_C_LANGUAGE_STANDARD = gnu11;
				GCC_DYNAMIC_NO_PIC = NO;
				GCC_NO_COMMON_BLOCKS = YES;
				GCC_OPTIMIZATION_LEVEL = 0;
				GCC_PREPROCESSOR_DEFINITIONS = (
					"DEBUG=1",
					"$(inherited)",
				);
				GCC_WARN_64_TO_32_BIT_CONVERSION = YES;
				GCC_WARN_ABOUT_RETURN_TYPE = YES_ERROR;
				GCC_WARN_UNDECLARED_SELECTOR = YES;
				GCC_WARN_UNINITIALIZED_AUTOS = YES_AGGRESSIVE;
				GCC_WARN_UNUSED_FUNCTION = YES;
				GCC_WARN_UNUSED_VARIABLE = YES;
				IPHONEOS_DEPLOYMENT_TARGET = 15.4;
				MTL_ENABLE_DEBUG_INFO = INCLUDE_SOURCE;
				MTL_FAST_MATH = YES;
				ONLY_ACTIVE_ARCH = YES;
				SDKROOT = iphoneos;
				SWIFT_ACTIVE_COMPILATION_CONDITIONS = DEBUG;
				SWIFT_OPTIMIZATION_LEVEL = "-Onone";
			};
			name = Debug;
		};
		9440111128B6C03C00968533 /* Release */ = {
			isa = XCBuildConfiguration;
			buildSettings = {
				ALWAYS_SEARCH_USER_PATHS = NO;
				CLANG_ANALYZER_NONNULL = YES;
				CLANG_ANALYZER_NUMBER_OBJECT_CONVERSION = YES_AGGRESSIVE;
				CLANG_CXX_LANGUAGE_STANDARD = "gnu++17";
				CLANG_ENABLE_MODULES = YES;
				CLANG_ENABLE_OBJC_ARC = YES;
				CLANG_ENABLE_OBJC_WEAK = YES;
				CLANG_WARN_BLOCK_CAPTURE_AUTORELEASING = YES;
				CLANG_WARN_BOOL_CONVERSION = YES;
				CLANG_WARN_COMMA = YES;
				CLANG_WARN_CONSTANT_CONVERSION = YES;
				CLANG_WARN_DEPRECATED_OBJC_IMPLEMENTATIONS = YES;
				CLANG_WARN_DIRECT_OBJC_ISA_USAGE = YES_ERROR;
				CLANG_WARN_DOCUMENTATION_COMMENTS = YES;
				CLANG_WARN_EMPTY_BODY = YES;
				CLANG_WARN_ENUM_CONVERSION = YES;
				CLANG_WARN_INFINITE_RECURSION = YES;
				CLANG_WARN_INT_CONVERSION = YES;
				CLANG_WARN_NON_LITERAL_NULL_CONVERSION = YES;
				CLANG_WARN_OBJC_IMPLICIT_RETAIN_SELF = YES;
				CLANG_WARN_OBJC_LITERAL_CONVERSION = YES;
				CLANG_WARN_OBJC_ROOT_CLASS = YES_ERROR;
				CLANG_WARN_QUOTED_INCLUDE_IN_FRAMEWORK_HEADER = YES;
				CLANG_WARN_RANGE_LOOP_ANALYSIS = YES;
				CLANG_WARN_STRICT_PROTOTYPES = YES;
				CLANG_WARN_SUSPICIOUS_MOVE = YES;
				CLANG_WARN_UNGUARDED_AVAILABILITY = YES_AGGRESSIVE;
				CLANG_WARN_UNREACHABLE_CODE = YES;
				CLANG_WARN__DUPLICATE_METHOD_MATCH = YES;
				COPY_PHASE_STRIP = NO;
				DEBUG_INFORMATION_FORMAT = "dwarf-with-dsym";
				ENABLE_NS_ASSERTIONS = NO;
				ENABLE_STRICT_OBJC_MSGSEND = YES;
				GCC_C_LANGUAGE_STANDARD = gnu11;
				GCC_NO_COMMON_BLOCKS = YES;
				GCC_WARN_64_TO_32_BIT_CONVERSION = YES;
				GCC_WARN_ABOUT_RETURN_TYPE = YES_ERROR;
				GCC_WARN_UNDECLARED_SELECTOR = YES;
				GCC_WARN_UNINITIALIZED_AUTOS = YES_AGGRESSIVE;
				GCC_WARN_UNUSED_FUNCTION = YES;
				GCC_WARN_UNUSED_VARIABLE = YES;
				IPHONEOS_DEPLOYMENT_TARGET = 15.4;
				MTL_ENABLE_DEBUG_INFO = NO;
				MTL_FAST_MATH = YES;
				SDKROOT = iphoneos;
				SWIFT_COMPILATION_MODE = wholemodule;
				SWIFT_OPTIMIZATION_LEVEL = "-O";
				VALIDATE_PRODUCT = YES;
			};
			name = Release;
		};
		9440111328B6C03C00968533 /* Debug */ = {
			isa = XCBuildConfiguration;
			buildSettings = {
				ASSETCATALOG_COMPILER_APPICON_NAME = AppIcon;
				ASSETCATALOG_COMPILER_GLOBAL_ACCENT_COLOR_NAME = AccentColor;
				CODE_SIGN_STYLE = Automatic;
				CURRENT_PROJECT_VERSION = 1;
				DEVELOPMENT_TEAM = 893MJ9Y23R;
				GENERATE_INFOPLIST_FILE = YES;
				INFOPLIST_FILE = "Task List/Info.plist";
				INFOPLIST_KEY_UIApplicationSupportsIndirectInputEvents = YES;
				INFOPLIST_KEY_UILaunchStoryboardName = LaunchScreen;
				INFOPLIST_KEY_UIMainStoryboardFile = Main;
				INFOPLIST_KEY_UISupportedInterfaceOrientations_iPad = "UIInterfaceOrientationPortrait UIInterfaceOrientationPortraitUpsideDown UIInterfaceOrientationLandscapeLeft UIInterfaceOrientationLandscapeRight";
				INFOPLIST_KEY_UISupportedInterfaceOrientations_iPhone = "UIInterfaceOrientationPortrait UIInterfaceOrientationLandscapeLeft UIInterfaceOrientationLandscapeRight";
				LD_RUNPATH_SEARCH_PATHS = (
					"$(inherited)",
					"@executable_path/Frameworks",
				);
				MARKETING_VERSION = 1.0;
				PRODUCT_BUNDLE_IDENTIFIER = "ru.swiftbook.Task-List";
				PRODUCT_NAME = "$(TARGET_NAME)";
				SWIFT_EMIT_LOC_STRINGS = YES;
				SWIFT_VERSION = 5.0;
				TARGETED_DEVICE_FAMILY = 1;
			};
			name = Debug;
		};
		9440111428B6C03C00968533 /* Release */ = {
			isa = XCBuildConfiguration;
			buildSettings = {
				ASSETCATALOG_COMPILER_APPICON_NAME = AppIcon;
				ASSETCATALOG_COMPILER_GLOBAL_ACCENT_COLOR_NAME = AccentColor;
				CODE_SIGN_STYLE = Automatic;
				CURRENT_PROJECT_VERSION = 1;
				DEVELOPMENT_TEAM = 893MJ9Y23R;
				GENERATE_INFOPLIST_FILE = YES;
				INFOPLIST_FILE = "Task List/Info.plist";
				INFOPLIST_KEY_UIApplicationSupportsIndirectInputEvents = YES;
				INFOPLIST_KEY_UILaunchStoryboardName = LaunchScreen;
				INFOPLIST_KEY_UIMainStoryboardFile = Main;
				INFOPLIST_KEY_UISupportedInterfaceOrientations_iPad = "UIInterfaceOrientationPortrait UIInterfaceOrientationPortraitUpsideDown UIInterfaceOrientationLandscapeLeft UIInterfaceOrientationLandscapeRight";
				INFOPLIST_KEY_UISupportedInterfaceOrientations_iPhone = "UIInterfaceOrientationPortrait UIInterfaceOrientationLandscapeLeft UIInterfaceOrientationLandscapeRight";
				LD_RUNPATH_SEARCH_PATHS = (
					"$(inherited)",
					"@executable_path/Frameworks",
				);
				MARKETING_VERSION = 1.0;
				PRODUCT_BUNDLE_IDENTIFIER = "ru.swiftbook.Task-List";
				PRODUCT_NAME = "$(TARGET_NAME)";
				SWIFT_EMIT_LOC_STRINGS = YES;
				SWIFT_VERSION = 5.0;
				TARGETED_DEVICE_FAMILY = 1;
			};
			name = Release;
		};
/* End XCBuildConfiguration section */

/* Begin XCConfigurationList section */
		944010F928B6C03A00968533 /* Build configuration list for PBXProject "Task List" */ = {
			isa = XCConfigurationList;
			buildConfigurations = (
				9440111028B6C03C00968533 /* Debug */,
				9440111128B6C03C00968533 /* Release */,
			);
			defaultConfigurationIsVisible = 0;
			defaultConfigurationName = Release;
		};
		9440111228B6C03C00968533 /* Build configuration list for PBXNativeTarget "Task List" */ = {
			isa = XCConfigurationList;
			buildConfigurations = (
				9440111328B6C03C00968533 /* Debug */,
				9440111428B6C03C00968533 /* Release */,
			);
			defaultConfigurationIsVisible = 0;
			defaultConfigurationName = Release;
		};
/* End XCConfigurationList section */

/* Begin XCRemoteSwiftPackageReference section */
		9440111528B6C47100968533 /* XCRemoteSwiftPackageReference "realm-swift" */ = {
			isa = XCRemoteSwiftPackageReference;
			repositoryURL = "https://github.com/realm/realm-swift.git";
			requirement = {
				branch = master;
				kind = branch;
			};
		};
/* End XCRemoteSwiftPackageReference section */

/* Begin XCSwiftPackageProductDependency section */
		9440111628B6C47100968533 /* Realm */ = {
			isa = XCSwiftPackageProductDependency;
			package = 9440111528B6C47100968533 /* XCRemoteSwiftPackageReference "realm-swift" */;
			productName = Realm;
		};
		9440111828B6C47100968533 /* RealmSwift */ = {
			isa = XCSwiftPackageProductDependency;
			package = 9440111528B6C47100968533 /* XCRemoteSwiftPackageReference "realm-swift" */;
			productName = RealmSwift;
		};
/* End XCSwiftPackageProductDependency section */
	};
	rootObject = 944010F628B6C03A00968533 /* Project object */;
}
